{
  "name": "@becode/js-intro",
  "version": "1.0.0",
  "lockfileVersion": 1,
  "requires": true,
  "dependencies": {
    "@github/markdown-toolbar-element": {
      "version": "1.5.1",
      "resolved": "https://registry.npmjs.org/@github/markdown-toolbar-element/-/markdown-toolbar-element-1.5.1.tgz",
      "integrity": "sha512-cb4CHCgTfIfZrxde9DWJH3pBLZC8YSA2xdNg9Eix0DQbaGIvKPGEQ4se0VUyK773GHeIsNgJDocS+VtYmR6xmQ=="
    }
  }
}
